
Microsoft Visual Studio Solution File, Format Version 12.00
# Visual Studio Version 16
VisualStudioVersion = 16.0.30413.136
MinimumVisualStudioVersion = 10.0.40219.1
Project("{9A19103F-16F7-4668-BE54-9A1E7A4F7556}") = "EmployeeInfos", "EmployeeInfos.csproj", "{8D01656D-031D-44D1-890A-C0FB602FCEA5}"
EndProject
Project("{FAE04EC0-301F-11D3-BF4B-00C04F79EFBC}") = "EmployeeInfoService.UnitTests", "..\EmployeeInfoService.UnitTests\EmployeeInfoService.UnitTests.csproj", "{0FEC46B1-26EC-4AAA-BB82-10D47A93DE20}"
EndProject
Global
	GlobalSection(SolutionConfigurationPlatforms) = preSolution
		Debug|Any CPU = Debug|Any CPU
		Release|Any CPU = Release|Any CPU
	EndGlobalSection
	GlobalSection(ProjectConfigurationPlatforms) = postSolution
		{8D01656D-031D-44D1-890A-C0FB602FCEA5}.Debug|Any CPU.ActiveCfg = Debug|Any CPU
		{8D01656D-031D-44D1-890A-C0FB602FCEA5}.Debug|Any CPU.Build.0 = Debug|Any CPU
		{8D01656D-031D-44D1-890A-C0FB602FCEA5}.Release|Any CPU.ActiveCfg = Release|Any CPU
		{8D01656D-031D-44D1-890A-C0FB602FCEA5}.Release|Any CPU.Build.0 = Release|Any CPU
		{0FEC46B1-26EC-4AAA-BB82-10D47A93DE20}.Debug|Any CPU.ActiveCfg = Debug|Any CPU
		{0FEC46B1-26EC-4AAA-BB82-10D47A93DE20}.Debug|Any CPU.Build.0 = Debug|Any CPU
		{0FEC46B1-26EC-4AAA-BB82-10D47A93DE20}.Release|Any CPU.ActiveCfg = Release|Any CPU
		{0FEC46B1-26EC-4AAA-BB82-10D47A93DE20}.Release|Any CPU.Build.0 = Release|Any CPU
	EndGlobalSection
	GlobalSection(SolutionProperties) = preSolution
		HideSolutionNode = FALSE
	EndGlobalSection
	GlobalSection(ExtensibilityGlobals) = postSolution
		SolutionGuid = {CFCF46A3-9683-4963-81CD-CBA9C970FEBE}
	EndGlobalSection
EndGlobal
